// !$*UTF8*$!
{
	archiveVersion = 1;
	classes = {
	};
	objectVersion = 46;
	objects = {

/* Begin PBXBuildFile section */
		06A758841BFD2ABB00D41791 /* Dongle.h in Headers */ = {isa = PBXBuildFile; fileRef = D81169E91BFD1A8800373D76 /* Dongle.h */; settings = {ATTRIBUTES = (Public, ); }; };
		06A758851BFD2ABB00D41791 /* Dongler.h in Headers */ = {isa = PBXBuildFile; fileRef = D81169EB1BFD1A8800373D76 /* Dongler.h */; settings = {ATTRIBUTES = (Public, ); }; };
		06A758871BFD2B4B00D41791 /* Dongle.h in CopyFiles */ = {isa = PBXBuildFile; fileRef = D81169E91BFD1A8800373D76 /* Dongle.h */; };
		06A758881BFD2B4B00D41791 /* Dongler.h in CopyFiles */ = {isa = PBXBuildFile; fileRef = D81169EB1BFD1A8800373D76 /* Dongler.h */; };
		D81169ED1BFD1A8800373D76 /* Dongle.m in Sources */ = {isa = PBXBuildFile; fileRef = D81169EA1BFD1A8800373D76 /* Dongle.m */; };
		D81169EE1BFD1A8800373D76 /* Dongler.m in Sources */ = {isa = PBXBuildFile; fileRef = D81169EC1BFD1A8800373D76 /* Dongler.m */; };
/* End PBXBuildFile section */

/* Begin PBXCopyFilesBuildPhase section */
		D81169DB1BFD198B00373D76 /* CopyFiles */ = {
			isa = PBXCopyFilesBuildPhase;
			buildActionMask = 2147483647;
			dstPath = "include/$(PRODUCT_NAME)";
			dstSubfolderSpec = 16;
			files = (
				06A758871BFD2B4B00D41791 /* Dongle.h in CopyFiles */,
				06A758881BFD2B4B00D41791 /* Dongler.h in CopyFiles */,
			);
			runOnlyForDeploymentPostprocessing = 0;
		};
/* End PBXCopyFilesBuildPhase section */

/* Begin PBXFileReference section */
		D81169DD1BFD198B00373D76 /* libTheDongler.a */ = {isa = PBXFileReference; explicitFileType = archive.ar; includeInIndex = 0; path = libTheDongler.a; sourceTree = BUILT_PRODUCTS_DIR; };
		D81169E91BFD1A8800373D76 /* Dongle.h */ = {isa = PBXFileReference; fileEncoding = 4; lastKnownFileType = sourcecode.c.h; path = Dongle.h; sourceTree = "<group>"; };
		D81169EA1BFD1A8800373D76 /* Dongle.m */ = {isa = PBXFileReference; fileEncoding = 4; lastKnownFileType = sourcecode.c.objc; path = Dongle.m; sourceTree = "<group>"; };
		D81169EB1BFD1A8800373D76 /* Dongler.h */ = {isa = PBXFileReference; fileEncoding = 4; lastKnownFileType = sourcecode.c.h; path = Dongler.h; sourceTree = "<group>"; };
		D81169EC1BFD1A8800373D76 /* Dongler.m */ = {isa = PBXFileReference; fileEncoding = 4; lastKnownFileType = sourcecode.c.objc; path = Dongler.m; sourceTree = "<group>"; };
/* End PBXFileReference section */

/* Begin PBXFrameworksBuildPhase section */
		D81169DA1BFD198B00373D76 /* Frameworks */ = {
			isa = PBXFrameworksBuildPhase;
			buildActionMask = 2147483647;
			files = (
			);
			runOnlyForDeploymentPostprocessing = 0;
		};
/* End PBXFrameworksBuildPhase section */

/* Begin PBXGroup section */
		D81169D41BFD198B00373D76 = {
			isa = PBXGroup;
			children = (
				D81169DF1BFD198B00373D76 /* TheDongler */,
				D81169DE1BFD198B00373D76 /* Products */,
			);
			sourceTree = "<group>";
		};
		D81169DE1BFD198B00373D76 /* Products */ = {
			isa = PBXGroup;
			children = (
				D81169DD1BFD198B00373D76 /* libTheDongler.a */,
			);
			name = Products;
			sourceTree = "<group>";
		};
		D81169DF1BFD198B00373D76 /* TheDongler */ = {
			isa = PBXGroup;
			children = (
				D81169E91BFD1A8800373D76 /* Dongle.h */,
				D81169EA1BFD1A8800373D76 /* Dongle.m */,
				D81169EB1BFD1A8800373D76 /* Dongler.h */,
				D81169EC1BFD1A8800373D76 /* Dongler.m */,
			);
			path = TheDongler;
			sourceTree = "<group>";
		};
/* End PBXGroup section */

/* Begin PBXHeadersBuildPhase section */
		06A758831BFD2AB000D41791 /* Headers */ = {
			isa = PBXHeadersBuildPhase;
			buildActionMask = 2147483647;
			files = (
				06A758841BFD2ABB00D41791 /* Dongle.h in Headers */,
				06A758851BFD2ABB00D41791 /* Dongler.h in Headers */,
			);
			runOnlyForDeploymentPostprocessing = 0;
		};
/* End PBXHeadersBuildPhase section */

/* Begin PBXNativeTarget section */
		D81169DC1BFD198B00373D76 /* TheDongler */ = {
			isa = PBXNativeTarget;
			buildConfigurationList = D81169E61BFD198B00373D76 /* Build configuration list for PBXNativeTarget "TheDongler" */;
			buildPhases = (
				D81169D91BFD198B00373D76 /* Sources */,
				D81169DA1BFD198B00373D76 /* Frameworks */,
				D81169DB1BFD198B00373D76 /* CopyFiles */,
				06A758831BFD2AB000D41791 /* Headers */,
			);
			buildRules = (
			);
			dependencies = (
			);
			name = TheDongler;
			productName = TheDongler;
			productReference = D81169DD1BFD198B00373D76 /* libTheDongler.a */;
			productType = "com.apple.product-type.library.static";
		};
/* End PBXNativeTarget section */

/* Begin PBXProject section */
		D81169D51BFD198B00373D76 /* Project object */ = {
			isa = PBXProject;
			attributes = {
				LastUpgradeCheck = 0710;
				ORGANIZATIONNAME = DongleMaster;
				TargetAttributes = {
					D81169DC1BFD198B00373D76 = {
						CreatedOnToolsVersion = 7.1.1;
						DevelopmentTeam = T3U59PF6F2;
					};
				};
			};
			buildConfigurationList = D81169D81BFD198B00373D76 /* Build configuration list for PBXProject "TheDongler" */;
			compatibilityVersion = "Xcode 3.2";
			developmentRegion = English;
			hasScannedForEncodings = 0;
			knownRegions = (
				en,
			);
			mainGroup = D81169D41BFD198B00373D76;
			productRefGroup = D81169DE1BFD198B00373D76 /* Products */;
			projectDirPath = "";
			projectRoot = "";
			targets = (
				D81169DC1BFD198B00373D76 /* TheDongler */,
			);
		};
/* End PBXProject section */

/* Begin PBXSourcesBuildPhase section */
		D81169D91BFD198B00373D76 /* Sources */ = {
			isa = PBXSourcesBuildPhase;
			buildActionMask = 2147483647;
			files = (
				D81169ED1BFD1A8800373D76 /* Dongle.m in Sources */,
				D81169EE1BFD1A8800373D76 /* Dongler.m in Sources */,
			);
			runOnlyForDeploymentPostprocessing = 0;
		};
/* End PBXSourcesBuildPhase section */

/* Begin XCBuildConfiguration section */
		D81169E41BFD198B00373D76 /* Debug */ = {
			isa = XCBuildConfiguration;
			buildSettings = {
				ALWAYS_SEARCH_USER_PATHS = NO;
				CLANG_CXX_LANGUAGE_STANDARD = "gnu++0x";
				CLANG_CXX_LIBRARY = "libc++";
				CLANG_ENABLE_MODULES = YES;
				CLANG_ENABLE_OBJC_ARC = YES;
				CLANG_WARN_BOOL_CONVERSION = YES;
				CLANG_WARN_CONSTANT_CONVERSION = YES;
				CLANG_WARN_DIRECT_OBJC_ISA_USAGE = YES_ERROR;
				CLANG_WARN_EMPTY_BODY = YES;
				CLANG_WARN_ENUM_CONVERSION = YES;
				CLANG_WARN_INT_CONVERSION = YES;
				CLANG_WARN_OBJC_ROOT_CLASS = YES_ERROR;
				CLANG_WARN_UNREACHABLE_CODE = YES;
				CLANG_WARN__DUPLICATE_METHOD_MATCH = YES;
				"CODE_SIGN_IDENTITY[sdk=iphoneos*]" = "iPhone Developer";
				COPY_PHASE_STRIP = NO;
				DEBUG_INFORMATION_FORMAT = dwarf;
				ENABLE_STRICT_OBJC_MSGSEND = YES;
				ENABLE_TESTABILITY = YES;
				GCC_C_LANGUAGE_STANDARD = gnu99;
				GCC_DYNAMIC_NO_PIC = NO;
				GCC_NO_COMMON_BLOCKS = YES;
				GCC_OPTIMIZATION_LEVEL = 0;
				GCC_PREPROCESSOR_DEFINITIONS = (
					"DEBUG=1",
					"$(inherited)",
				);
				GCC_WARN_64_TO_32_BIT_CONVERSION = YES;
				GCC_WARN_ABOUT_RETURN_TYPE = YES_ERROR;
				GCC_WARN_UNDECLARED_SELECTOR = YES;
				GCC_WARN_UNINITIALIZED_AUTOS = YES_AGGRESSIVE;
				GCC_WARN_UNUSED_FUNCTION = YES;
				GCC_WARN_UNUSED_VARIABLE = YES;
				IPHONEOS_DEPLOYMENT_TARGET = 9.1;
				MTL_ENABLE_DEBUG_INFO = YES;
				ONLY_ACTIVE_ARCH = YES;
				SDKROOT = iphoneos;
			};
			name = Debug;
		};
		D81169E51BFD198B00373D76 /* Release */ = {
			isa = XCBuildConfiguration;
			buildSettings = {
				ALWAYS_SEARCH_USER_PATHS = NO;
				CLANG_CXX_LANGUAGE_STANDARD = "gnu++0x";
				CLANG_CXX_LIBRARY = "libc++";
				CLANG_ENABLE_MODULES = YES;
				CLANG_ENABLE_OBJC_ARC = YES;
				CLANG_WARN_BOOL_CONVERSION = YES;
				CLANG_WARN_CONSTANT_CONVERSION = YES;
				CLANG_WARN_DIRECT_OBJC_ISA_USAGE = YES_ERROR;
				CLANG_WARN_EMPTY_BODY = YES;
				CLANG_WARN_ENUM_CONVERSION = YES;
				CLANG_WARN_INT_CONVERSION = YES;
				CLANG_WARN_OBJC_ROOT_CLASS = YES_ERROR;
				CLANG_WARN_UNREACHABLE_CODE = YES;
				CLANG_WARN__DUPLICATE_METHOD_MATCH = YES;
				"CODE_SIGN_IDENTITY[sdk=iphoneos*]" = "iPhone Developer";
				COPY_PHASE_STRIP = NO;
				DEBUG_INFORMATION_FORMAT = "dwarf-with-dsym";
				ENABLE_NS_ASSERTIONS = NO;
				ENABLE_STRICT_OBJC_MSGSEND = YES;
				GCC_C_LANGUAGE_STANDARD = gnu99;
				GCC_NO_COMMON_BLOCKS = YES;
				GCC_WARN_64_TO_32_BIT_CONVERSION = YES;
				GCC_WARN_ABOUT_RETURN_TYPE = YES_ERROR;
				GCC_WARN_UNDECLARED_SELECTOR = YES;
				GCC_WARN_UNINITIALIZED_AUTOS = YES_AGGRESSIVE;
				GCC_WARN_UNUSED_FUNCTION = YES;
				GCC_WARN_UNUSED_VARIABLE = YES;
				IPHONEOS_DEPLOYMENT_TARGET = 9.1;
				MTL_ENABLE_DEBUG_INFO = NO;
				SDKROOT = iphoneos;
				VALIDATE_PRODUCT = YES;
			};
			name = Release;
		};
		D81169E71BFD198B00373D76 /* Debug */ = {
			isa = XCBuildConfiguration;
			buildSettings = {
				OTHER_LDFLAGS = "-ObjC";
				PRODUCT_NAME = "$(TARGET_NAME)";
				SKIP_INSTALL = YES;
			};
			name = Debug;
		};
		D81169E81BFD198B00373D76 /* Release */ = {
			isa = XCBuildConfiguration;
			buildSettings = {
				OTHER_LDFLAGS = "-ObjC";
				PRODUCT_NAME = "$(TARGET_NAME)";
				SKIP_INSTALL = YES;
			};
			name = Release;
		};
/* End XCBuildConfiguration section */

/* Begin XCConfigurationList section */
		D81169D81BFD198B00373D76 /* Build configuration list for PBXProject "TheDongler" */ = {
			isa = XCConfigurationList;
			buildConfigurations = (
				D81169E41BFD198B00373D76 /* Debug */,
				D81169E51BFD198B00373D76 /* Release */,
			);
			defaultConfigurationIsVisible = 0;
			defaultConfigurationName = Release;
		};
		D81169E61BFD198B00373D76 /* Build configuration list for PBXNativeTarget "TheDongler" */ = {
			isa = XCConfigurationList;
			buildConfigurations = (
				D81169E71BFD198B00373D76 /* Debug */,
				D81169E81BFD198B00373D76 /* Release */,
			);
			defaultConfigurationIsVisible = 0;
			defaultConfigurationName = Release;
		};
/* End XCConfigurationList section */
	};
	rootObject = D81169D51BFD198B00373D76 /* Project object */;
}
